{
  "name": "issue",
  "version": "1.0.0",
  "lockfileVersion": 2,
  "requires": true,
  "packages": {
    "": {
      "name": "issue",
      "version": "1.0.0",
      "license": "ISC",
      "dependencies": {
        "mustache": "^4.2.0"
      }
    },
    "node_modules/mustache": {
      "version": "4.2.0",
      "license": "MIT",
      "bin": {
        "mustache": "bin/mustache"
      }
    }
  },
  "dependencies": {
    "mustache": {
      "version": "4.2.0"
    }
  }
}
